
Microsoft Visual Studio Solution File, Format Version 12.00
# Visual Studio Version 17
VisualStudioVersion = 17.4.33122.133
MinimumVisualStudioVersion = 10.0.40219.1
Project("{FAE04EC0-301F-11D3-BF4B-00C04F79EFBC}") = "Demo", "Demo\Demo.csproj", "{CD6AAA59-2E0E-436E-9056-B35C9A80AEBA}"
EndProject
Global
	GlobalSection(SolutionConfigurationPlatforms) = preSolution
		Debug|Any CPU = Debug|Any CPU
		Release|Any CPU = Release|Any CPU
	EndGlobalSection
	GlobalSection(ProjectConfigurationPlatforms) = postSolution
		{CD6AAA59-2E0E-436E-9056-B35C9A80AEBA}.Debug|Any CPU.ActiveCfg = Debug|Any CPU
		{CD6AAA59-2E0E-436E-9056-B35C9A80AEBA}.Debug|Any CPU.Build.0 = Debug|Any CPU
		{CD6AAA59-2E0E-436E-9056-B35C9A80AEBA}.Release|Any CPU.ActiveCfg = Release|Any CPU
		{CD6AAA59-2E0E-436E-9056-B35C9A80AEBA}.Release|Any CPU.Build.0 = Release|Any CPU
	EndGlobalSection
	GlobalSection(SolutionProperties) = preSolution
		HideSolutionNode = FALSE
	EndGlobalSection
	GlobalSection(ExtensibilityGlobals) = postSolution
		SolutionGuid = {A17EE66E-943A-4321-A786-6B1B2273CD6A}
	EndGlobalSection
EndGlobal
